
Microsoft Visual Studio Solution File, Format Version 12.00
# Visual Studio 15
VisualStudioVersion = 15.0.26730.16
MinimumVisualStudioVersion = 10.0.40219.1
Project("{FAE04EC0-301F-11D3-BF4B-00C04F79EFBC}") = "DatabaseRolodex", "DatabaseRolodex\DatabaseRolodex.csproj", "{F084A99D-4E2F-4A87-AC42-865F61AFE1DA}"
EndProject
Global
	GlobalSection(SolutionConfigurationPlatforms) = preSolution
		Debug|Any CPU = Debug|Any CPU
		Release|Any CPU = Release|Any CPU
	EndGlobalSection
	GlobalSection(ProjectConfigurationPlatforms) = postSolution
		{F084A99D-4E2F-4A87-AC42-865F61AFE1DA}.Debug|Any CPU.ActiveCfg = Debug|Any CPU
		{F084A99D-4E2F-4A87-AC42-865F61AFE1DA}.Debug|Any CPU.Build.0 = Debug|Any CPU
		{F084A99D-4E2F-4A87-AC42-865F61AFE1DA}.Release|Any CPU.ActiveCfg = Release|Any CPU
		{F084A99D-4E2F-4A87-AC42-865F61AFE1DA}.Release|Any CPU.Build.0 = Release|Any CPU
	EndGlobalSection
	GlobalSection(SolutionProperties) = preSolution
		HideSolutionNode = FALSE
	EndGlobalSection
	GlobalSection(ExtensibilityGlobals) = postSolution
		SolutionGuid = {392F2156-5654-4EDD-9246-D732BED77CF9}
	EndGlobalSection
EndGlobal
